lockfileVersion: 5.3

specifiers:
  '@netlify/functions': ^1.0.0
  '@resvg/resvg-js': ^2.1.0
  qrcode-svg: ^1.1.0

dependencies:
  '@netlify/functions': 1.0.0
  '@resvg/resvg-js': 2.1.0
  qrcode-svg: 1.1.0

packages:

  /@netlify/functions/1.0.0:
    resolution: {integrity: sha512-7fnJv3vr8uyyyOYPChwoec6MjzsCw1CoRUO2DhQ1BD6bOyJRlD4DUaOOGlMILB2LCT8P24p5LexEGx8AJb7xdA==}
    engines: {node: '>=8.3.0'}
    dependencies:
      is-promise: 4.0.0
    dev: false

  /@resvg/resvg-js-android-arm-eabi/2.1.0:
    resolution: {integrity: sha512-JtvWWtC6bYRhyth1qgUgcPQSP+jkwkmUzok/5b/IqKFb6cattMBFFdHnwM8AS+sgzXJKa8LhW48f3FmFQhfdrA==}
    engines: {node: '>= 10'}
    cpu: [arm]
    os: [android]
    requiresBuild: true
    dev: false
    optional: true

  /@resvg/resvg-js-android-arm64/2.1.0:
    resolution: {integrity: sha512-QXFEoTpoZJZjkFh4+aSD3l+Ivrij3nzgrr4FTayey0hsQypJXmbzB6nuqB1qZwMrXPYqYZ33BoRiwCFoJUw2Ww==}
    engines: {node: '>= 10'}
    cpu: [arm64]
    os: [android]
    requiresBuild: true
    dev: false
    optional: true

  /@resvg/resvg-js-darwin-arm64/2.1.0:
    resolution: {integrity: sha512-OrYqlmn2g4Pu/dWr+M5t5W8GDKIX3zk0JxDySU1oNWwhqlmZXBuCrx3TP9dVrTpTYx86E5RQcTZWe64wz8dlIQ==}
    engines: {node: '>= 10'}
    cpu: [arm64]
    os: [darwin]
    requiresBuild: true
    dev: false
    optional: true

  /@resvg/resvg-js-darwin-x64/2.1.0:
    resolution: {integrity: sha512-95F9BoBS1th79n6Zy1tRMKhPlJuhznnQwAPxRhtw0v4DteRKMzaPFfVH6B9BBaoDCa5VMIxH/wYNKtOxCpYPuw==}
    engines: {node: '>= 10'}
    cpu: [x64]
    os: [darwin]
    requiresBuild: true
    dev: false
    optional: true

  /@resvg/resvg-js-linux-arm-gnueabihf/2.1.0:
    resolution: {integrity: sha512-8F0ugeAaYGNNZhSCYt+X4YgyKyKcFiH0tqfJmN69+Gqqmu/lmZcn78JVLyTGD/OGHbYfCCYJbxwV+txIOdVNkQ==}
    engines: {node: '>= 10'}
    cpu: [arm]
    os: [linux]
    requiresBuild: true
    dev: false
    optional: true

  /@resvg/resvg-js-linux-arm64-gnu/2.1.0:
    resolution: {integrity: sha512-RveUS3sqvUp5eoBzz1QlPv7yBUNOjHtcWtbFo55gQrzBGT4XtnCaQzuXkN0q0j2o2ufxlmXmFI3g3e/0EWjNMg==}
    engines: {node: '>= 10'}
    cpu: [arm64]
    os: [linux]
    requiresBuild: true
    dev: false
    optional: true

  /@resvg/resvg-js-linux-arm64-musl/2.1.0:
    resolution: {integrity: sha512-DzuRbZj5oVXYFAlo2PVbiaTSb14z/FDUlvgfzVFHiKEw3w6gT/soveLTIAvfeIlRYYkwYNHCiEPxFztyr7x/rw==}
    engines: {node: '>= 10'}
    cpu: [arm64]
    os: [linux]
    requiresBuild: true
    dev: false
    optional: true

  /@resvg/resvg-js-linux-x64-gnu/2.1.0:
    resolution: {integrity: sha512-pa4MtKtAEXBj7tl3JXPMQLjgP+KghUYYoXMIX8tlf/xbfJJsOxHpWcwQe/bWPFO4K9hgt/yePkb3G4ydD0uT+g==}
    engines: {node: '>= 10'}
    cpu: [x64]
    os: [linux]
    requiresBuild: true
    dev: false
    optional: true

  /@resvg/resvg-js-linux-x64-musl/2.1.0:
    resolution: {integrity: sha512-mkwGe4I9CmQ1GPSnFa22PHwKbE+TZnRk/ViCvO89UOwypW0I+X+KlQVzVbZn9ypvcrbvzotOvl3OkVRq5MgsBA==}
    engines: {node: '>= 10'}
    cpu: [x64]
    os: [linux]
    requiresBuild: true
    dev: false
    optional: true

  /@resvg/resvg-js-win32-arm64-msvc/2.1.0:
    resolution: {integrity: sha512-DVloJcQsgd3rMAPemy5KjAA6R+RkRz2/xb7zP9px7lr+Gao+xVbNzRQrY7xwCZFM7O7hu9uHvLvkKCttPoL1aA==}
    engines: {node: '>= 10'}
    cpu: [arm64]
    os: [win32]
    requiresBuild: true
    dev: false
    optional: true

  /@resvg/resvg-js-win32-ia32-msvc/2.1.0:
    resolution: {integrity: sha512-RtRQ8loZA4zib8kzD1QjoScb6VAaZTbajB3WU/O6raP2/f2zIk9v4FU2E/hiC0vi5DGhJL5GTmSrsWShbLPjZw==}
    engines: {node: '>= 10'}
    cpu: [ia32]
    os: [win32]
    requiresBuild: true
    dev: false
    optional: true

  /@resvg/resvg-js-win32-x64-msvc/2.1.0:
    resolution: {integrity: sha512-NVYuQn9Aj/ZmRufKON7a+1U1XS+jGKMcWO4J8ZH2xhSP3aNVgO7Nfl45DMgqxdCcn0ZzYhzP+mSQFbA/ENE/mg==}
    engines: {node: '>= 10'}
    cpu: [x64]
    os: [win32]
    requiresBuild: true
    dev: false
    optional: true

  /@resvg/resvg-js/2.1.0:
    resolution: {integrity: sha512-nR6uVR5ugXLT2jh7U141nhawzgUs4JBl8BpM4XH7/ughSsOA/+WRxVhMUfdtEsz7REpTMKe2Sat+1/eWAuQ04w==}
    engines: {node: '>= 10'}
    optionalDependencies:
      '@resvg/resvg-js-android-arm-eabi': 2.1.0
      '@resvg/resvg-js-android-arm64': 2.1.0
      '@resvg/resvg-js-darwin-arm64': 2.1.0
      '@resvg/resvg-js-darwin-x64': 2.1.0
      '@resvg/resvg-js-linux-arm-gnueabihf': 2.1.0
      '@resvg/resvg-js-linux-arm64-gnu': 2.1.0
      '@resvg/resvg-js-linux-arm64-musl': 2.1.0
      '@resvg/resvg-js-linux-x64-gnu': 2.1.0
      '@resvg/resvg-js-linux-x64-musl': 2.1.0
      '@resvg/resvg-js-win32-arm64-msvc': 2.1.0
      '@resvg/resvg-js-win32-ia32-msvc': 2.1.0
      '@resvg/resvg-js-win32-x64-msvc': 2.1.0
    dev: false

  /is-promise/4.0.0:
    resolution: {integrity: sha512-hvpoI6korhJMnej285dSg6nu1+e6uxs7zG3BYAm5byqDsgJNWwxzM6z6iZiAgQR4TJ30JmBTOwqZUw3WlyH3AQ==}
    dev: false

  /qrcode-svg/1.1.0:
    resolution: {integrity: sha512-XyQCIXux1zEIA3NPb0AeR8UMYvXZzWEhgdBgBjH9gO7M48H9uoHzviNz8pXw3UzrAcxRRRn9gxHewAVK7bn9qw==}
    hasBin: true
    dev: false
